
Microsoft Visual Studio Solution File, Format Version 12.00
# Visual Studio 15
VisualStudioVersion = 15.0.28307.168
MinimumVisualStudioVersion = 10.0.40219.1
Project("{FAE04EC0-301F-11D3-BF4B-00C04F79EFBC}") = "WpfApp1", "WpfApp1.csproj", "{C5B18BE7-0555-4293-A1E8-BE6658A54C8D}"
EndProject
Global
	GlobalSection(SolutionConfigurationPlatforms) = preSolution
		Debug|Any CPU = Debug|Any CPU
		Release|Any CPU = Release|Any CPU
	EndGlobalSection
	GlobalSection(ProjectConfigurationPlatforms) = postSolution
		{C5B18BE7-0555-4293-A1E8-BE6658A54C8D}.Debug|Any CPU.ActiveCfg = Debug|Any CPU
		{C5B18BE7-0555-4293-A1E8-BE6658A54C8D}.Debug|Any CPU.Build.0 = Debug|Any CPU
		{C5B18BE7-0555-4293-A1E8-BE6658A54C8D}.Release|Any CPU.ActiveCfg = Release|Any CPU
		{C5B18BE7-0555-4293-A1E8-BE6658A54C8D}.Release|Any CPU.Build.0 = Release|Any CPU
	EndGlobalSection
	GlobalSection(SolutionProperties) = preSolution
		HideSolutionNode = FALSE
	EndGlobalSection
	GlobalSection(ExtensibilityGlobals) = postSolution
		SolutionGuid = {888C0824-7DA2-485F-BB53-6720EB6DDCF5}
	EndGlobalSection
EndGlobal
